
Microsoft Visual Studio Solution File, Format Version 12.00
# Visual Studio Version 17
VisualStudioVersion = 17.14.36414.22 d17.14
MinimumVisualStudioVersion = 10.0.40219.1
Project("{FAE04EC0-301F-11D3-BF4B-00C04F79EFBC}") = "StreamingAPI", "StreamingAPI\StreamingAPI.csproj", "{4FDE67AD-15B9-4061-8167-E64ABBCD8733}"
EndProject
Global
	GlobalSection(SolutionConfigurationPlatforms) = preSolution
		Debug|Any CPU = Debug|Any CPU
		Release|Any CPU = Release|Any CPU
	EndGlobalSection
	GlobalSection(ProjectConfigurationPlatforms) = postSolution
		{4FDE67AD-15B9-4061-8167-E64ABBCD8733}.Debug|Any CPU.ActiveCfg = Debug|Any CPU
		{4FDE67AD-15B9-4061-8167-E64ABBCD8733}.Debug|Any CPU.Build.0 = Debug|Any CPU
		{4FDE67AD-15B9-4061-8167-E64ABBCD8733}.Release|Any CPU.ActiveCfg = Release|Any CPU
		{4FDE67AD-15B9-4061-8167-E64ABBCD8733}.Release|Any CPU.Build.0 = Release|Any CPU
	EndGlobalSection
	GlobalSection(SolutionProperties) = preSolution
		HideSolutionNode = FALSE
	EndGlobalSection
	GlobalSection(ExtensibilityGlobals) = postSolution
		SolutionGuid = {A57890AC-375A-4C3C-B76E-075AFF1B343F}
	EndGlobalSection
EndGlobal
